
Microsoft Visual Studio Solution File, Format Version 12.00
# Visual Studio 15
VisualStudioVersion = 15.0.28307.421
MinimumVisualStudioVersion = 10.0.40219.1
Project("{8BC9CEB8-8B4A-11D0-8D11-00A0C91BC942}") = "reliable_messenger", "reliable_messenger\reliable_messenger.vcxitems", "{40322EF9-E8E2-450A-A961-723DDEED5D4F}"
EndProject
Project("{8BC9CEB8-8B4A-11D0-8D11-00A0C91BC942}") = "Echo", "reliable_messenger\examples\Echo\Echo.vcxproj", "{C5F80730-F44F-4478-BDAE-6634EFC2CA88}"
EndProject
Project("{8BC9CEB8-8B4A-11D0-8D11-00A0C91BC942}") = "reliable_messenger-1.0.0", "reliable_messenger\reliable_messenger-1.0.0.vcxitems", "{3A3C73AF-D789-41BF-AA31-1D95607D4E63}"
EndProject
Project("{8BC9CEB8-8B4A-11D0-8D11-00A0C91BC942}") = "ImportOnly", "reliable_messenger\examples\ImportOnly\ImportOnly.vcxproj", "{7904FDAE-15C8-4B69-9D12-D3AF3BB2ABB1}"
EndProject
Project("{8BC9CEB8-8B4A-11D0-8D11-00A0C91BC942}") = "ReverseString", "reliable_messenger\examples\ReverseString\ReverseString.vcxproj", "{6FF6D5FD-CC6A-47B8-A150-E8BA3EB530B2}"
EndProject
Global
	GlobalSection(SharedMSBuildProjectFiles) = preSolution
		reliable_messenger\reliable_messenger.vcxitems*{40322ef9-e8e2-450a-a961-723ddeed5d4f}*SharedItemsImports = 9
		reliable_messenger\reliable_messenger.vcxitems*{7904fdae-15c8-4b69-9d12-d3af3bb2abb1}*SharedItemsImports = 4
	EndGlobalSection
	GlobalSection(SolutionConfigurationPlatforms) = preSolution
		Debug|x86 = Debug|x86
		Release|x86 = Release|x86
	EndGlobalSection
	GlobalSection(ProjectConfigurationPlatforms) = postSolution
		{C5F80730-F44F-4478-BDAE-6634EFC2CA88}.Debug|x86.ActiveCfg = Debug|Win32
		{C5F80730-F44F-4478-BDAE-6634EFC2CA88}.Debug|x86.Build.0 = Debug|Win32
		{C5F80730-F44F-4478-BDAE-6634EFC2CA88}.Release|x86.ActiveCfg = Release|Win32
		{C5F80730-F44F-4478-BDAE-6634EFC2CA88}.Release|x86.Build.0 = Release|Win32
		{7904FDAE-15C8-4B69-9D12-D3AF3BB2ABB1}.Debug|x86.ActiveCfg = Debug|Win32
		{7904FDAE-15C8-4B69-9D12-D3AF3BB2ABB1}.Debug|x86.Build.0 = Debug|Win32
		{7904FDAE-15C8-4B69-9D12-D3AF3BB2ABB1}.Release|x86.ActiveCfg = Release|Win32
		{7904FDAE-15C8-4B69-9D12-D3AF3BB2ABB1}.Release|x86.Build.0 = Release|Win32
		{6FF6D5FD-CC6A-47B8-A150-E8BA3EB530B2}.Debug|x86.ActiveCfg = Debug|Win32
		{6FF6D5FD-CC6A-47B8-A150-E8BA3EB530B2}.Debug|x86.Build.0 = Debug|Win32
		{6FF6D5FD-CC6A-47B8-A150-E8BA3EB530B2}.Release|x86.ActiveCfg = Release|Win32
		{6FF6D5FD-CC6A-47B8-A150-E8BA3EB530B2}.Release|x86.Build.0 = Release|Win32
	EndGlobalSection
	GlobalSection(SolutionProperties) = preSolution
		HideSolutionNode = FALSE
	EndGlobalSection
	GlobalSection(ExtensibilityGlobals) = postSolution
		SolutionGuid = {B64F4F62-4726-493E-B0BC-CFDA945B9D3F}
	EndGlobalSection
EndGlobal
