
Microsoft Visual Studio Solution File, Format Version 12.00
# Visual Studio 15
VisualStudioVersion = 15.0.28307.421
MinimumVisualStudioVersion = 10.0.40219.1
Project("{8BC9CEB8-8B4A-11D0-8D11-00A0C91BC942}") = "Motor01_Encoder", "motor_control_test\Motor01_Encoder\Motor01_Encoder.vcxproj", "{C5F80730-F44F-4478-BDAE-6634EFC2CA88}"
EndProject
Project("{8BC9CEB8-8B4A-11D0-8D11-00A0C91BC942}") = "Motor02_EncoderSpeedTest", "motor_control_test\Motor02_EncoderSpeedTest\Motor02_EncoderSpeedTest.vcxproj", "{18E8019B-1FE0-4A9A-B00F-EFCFD5F28167}"
EndProject
Project("{8BC9CEB8-8B4A-11D0-8D11-00A0C91BC942}") = "Motor03_VoltageSpeedRelationship", "motor_control_test\Motor03_VoltageSpeedRelationship\Motor03_VoltageSpeedRelationship.vcxproj", "{370B09D5-0E9B-4C90-8708-2078899C9468}"
EndProject
Project("{8BC9CEB8-8B4A-11D0-8D11-00A0C91BC942}") = "Motor04_PwmFreqEffect", "motor_control_test\Motor04_PwmFreqEffect\Motor04_PwmFreqEffect.vcxproj", "{EA5C38B6-6A5D-4C01-A6AF-6C1B6E4A254B}"
EndProject
Project("{8BC9CEB8-8B4A-11D0-8D11-00A0C91BC942}") = "Motor05_PID_Velocity", "motor_control_test\Motor05_PID_Velocity\Motor05_PID_Velocity.vcxproj", "{C574C1AA-D3F9-4E2A-91EB-07B412F41AC6}"
EndProject
Project("{8BC9CEB8-8B4A-11D0-8D11-00A0C91BC942}") = "Motor06_PID_Velocity_AutoTune", "motor_control_test\Motor06_PID_Velocity_AutoTune\Motor06_PID_Velocity_AutoTune.vcxproj", "{44B0F4CE-D297-4332-A9D6-FBF6D3BD8902}"
EndProject
Project("{8BC9CEB8-8B4A-11D0-8D11-00A0C91BC942}") = "Motor07_PID_MotionProfile", "motor_control_test\Motor07_PID_MotionProfile\Motor07_PID_MotionProfile.vcxproj", "{7A04FE20-291C-42F6-A5DF-3D4822B7A20D}"
EndProject
Global
	GlobalSection(SolutionConfigurationPlatforms) = preSolution
		Debug|x86 = Debug|x86
		Release|x86 = Release|x86
	EndGlobalSection
	GlobalSection(ProjectConfigurationPlatforms) = postSolution
		{C5F80730-F44F-4478-BDAE-6634EFC2CA88}.Debug|x86.ActiveCfg = Debug|Win32
		{C5F80730-F44F-4478-BDAE-6634EFC2CA88}.Debug|x86.Build.0 = Debug|Win32
		{C5F80730-F44F-4478-BDAE-6634EFC2CA88}.Release|x86.ActiveCfg = Release|Win32
		{C5F80730-F44F-4478-BDAE-6634EFC2CA88}.Release|x86.Build.0 = Release|Win32
		{18E8019B-1FE0-4A9A-B00F-EFCFD5F28167}.Debug|x86.ActiveCfg = Debug|Win32
		{18E8019B-1FE0-4A9A-B00F-EFCFD5F28167}.Debug|x86.Build.0 = Debug|Win32
		{18E8019B-1FE0-4A9A-B00F-EFCFD5F28167}.Release|x86.ActiveCfg = Release|Win32
		{18E8019B-1FE0-4A9A-B00F-EFCFD5F28167}.Release|x86.Build.0 = Release|Win32
		{370B09D5-0E9B-4C90-8708-2078899C9468}.Debug|x86.ActiveCfg = Debug|Win32
		{370B09D5-0E9B-4C90-8708-2078899C9468}.Debug|x86.Build.0 = Debug|Win32
		{370B09D5-0E9B-4C90-8708-2078899C9468}.Release|x86.ActiveCfg = Release|Win32
		{370B09D5-0E9B-4C90-8708-2078899C9468}.Release|x86.Build.0 = Release|Win32
		{EA5C38B6-6A5D-4C01-A6AF-6C1B6E4A254B}.Debug|x86.ActiveCfg = Debug|Win32
		{EA5C38B6-6A5D-4C01-A6AF-6C1B6E4A254B}.Debug|x86.Build.0 = Debug|Win32
		{EA5C38B6-6A5D-4C01-A6AF-6C1B6E4A254B}.Release|x86.ActiveCfg = Release|Win32
		{EA5C38B6-6A5D-4C01-A6AF-6C1B6E4A254B}.Release|x86.Build.0 = Release|Win32
		{C574C1AA-D3F9-4E2A-91EB-07B412F41AC6}.Debug|x86.ActiveCfg = Debug|Win32
		{C574C1AA-D3F9-4E2A-91EB-07B412F41AC6}.Debug|x86.Build.0 = Debug|Win32
		{C574C1AA-D3F9-4E2A-91EB-07B412F41AC6}.Release|x86.ActiveCfg = Release|Win32
		{C574C1AA-D3F9-4E2A-91EB-07B412F41AC6}.Release|x86.Build.0 = Release|Win32
		{44B0F4CE-D297-4332-A9D6-FBF6D3BD8902}.Debug|x86.ActiveCfg = Debug|Win32
		{44B0F4CE-D297-4332-A9D6-FBF6D3BD8902}.Debug|x86.Build.0 = Debug|Win32
		{44B0F4CE-D297-4332-A9D6-FBF6D3BD8902}.Release|x86.ActiveCfg = Release|Win32
		{44B0F4CE-D297-4332-A9D6-FBF6D3BD8902}.Release|x86.Build.0 = Release|Win32
		{7A04FE20-291C-42F6-A5DF-3D4822B7A20D}.Debug|x86.ActiveCfg = Debug|Win32
		{7A04FE20-291C-42F6-A5DF-3D4822B7A20D}.Debug|x86.Build.0 = Debug|Win32
		{7A04FE20-291C-42F6-A5DF-3D4822B7A20D}.Release|x86.ActiveCfg = Release|Win32
		{7A04FE20-291C-42F6-A5DF-3D4822B7A20D}.Release|x86.Build.0 = Release|Win32
	EndGlobalSection
	GlobalSection(SolutionProperties) = preSolution
		HideSolutionNode = FALSE
	EndGlobalSection
	GlobalSection(ExtensibilityGlobals) = postSolution
		SolutionGuid = {EEC9BC4A-2A0D-4FAD-8079-6391335B8657}
	EndGlobalSection
EndGlobal
