
Microsoft Visual Studio Solution File, Format Version 12.00
# Visual Studio 15
VisualStudioVersion = 15.0.28307.421
MinimumVisualStudioVersion = 10.0.40219.1
Project("{8BC9CEB8-8B4A-11D0-8D11-00A0C91BC942}") = "Serial2Radio", "serial_radio\Serial2Radio\Serial2Radio.vcxproj", "{C5F80730-F44F-4478-BDAE-6634EFC2CA88}"
EndProject
Project("{2150E333-8FDC-42A3-9474-1A3956D46DE8}") = "Radio", "Radio", "{FD22A1BF-136D-4114-819B-403542FED5A4}"
	ProjectSection(SolutionItems) = preProject
		serial_radio\Readme.md = serial_radio\Readme.md
	EndProjectSection
EndProject
Project("{2150E333-8FDC-42A3-9474-1A3956D46DE8}") = "Controller", "Controller", "{A93943A1-B435-4708-BF54-93276172E698}"
EndProject
Project("{8BC9CEB8-8B4A-11D0-8D11-00A0C91BC942}") = "Test01_ReverseString", "serial_radio_tests\Test01_ReverseString\Test01_ReverseString.vcxproj", "{309DFD52-27E5-4EE0-A28F-E5DB8A5A1A9C}"
EndProject
Project("{8BC9CEB8-8B4A-11D0-8D11-00A0C91BC942}") = "Test00_ACK", "serial_radio_tests\Test00_ACK\Test00_ACK.vcxproj", "{C7D7D87E-4A54-4A85-93E4-84026053EB38}"
EndProject
Project("{8BC9CEB8-8B4A-11D0-8D11-00A0C91BC942}") = "reliable_messenger", "libraries\reliable_messenger\reliable_messenger.vcxitems", "{40322EF9-E8E2-450A-A961-723DDEED5D4F}"
EndProject
Project("{8BC9CEB8-8B4A-11D0-8D11-00A0C91BC942}") = "Serial2Radio_Tokyo", "serial_radio\Serial2Radio_Tokyo\Serial2Radio_Tokyo.vcxproj", "{E6A748A4-BCA4-446A-AAA0-E576D5554E00}"
EndProject
Global
	GlobalSection(SolutionConfigurationPlatforms) = preSolution
		Debug|x86 = Debug|x86
		Release|x86 = Release|x86
	EndGlobalSection
	GlobalSection(ProjectConfigurationPlatforms) = postSolution
		{C5F80730-F44F-4478-BDAE-6634EFC2CA88}.Debug|x86.ActiveCfg = Debug|Win32
		{C5F80730-F44F-4478-BDAE-6634EFC2CA88}.Debug|x86.Build.0 = Debug|Win32
		{C5F80730-F44F-4478-BDAE-6634EFC2CA88}.Release|x86.ActiveCfg = Release|Win32
		{C5F80730-F44F-4478-BDAE-6634EFC2CA88}.Release|x86.Build.0 = Release|Win32
		{309DFD52-27E5-4EE0-A28F-E5DB8A5A1A9C}.Debug|x86.ActiveCfg = Debug|Win32
		{309DFD52-27E5-4EE0-A28F-E5DB8A5A1A9C}.Debug|x86.Build.0 = Debug|Win32
		{309DFD52-27E5-4EE0-A28F-E5DB8A5A1A9C}.Release|x86.ActiveCfg = Release|Win32
		{309DFD52-27E5-4EE0-A28F-E5DB8A5A1A9C}.Release|x86.Build.0 = Release|Win32
		{C7D7D87E-4A54-4A85-93E4-84026053EB38}.Debug|x86.ActiveCfg = Debug|Win32
		{C7D7D87E-4A54-4A85-93E4-84026053EB38}.Debug|x86.Build.0 = Debug|Win32
		{C7D7D87E-4A54-4A85-93E4-84026053EB38}.Release|x86.ActiveCfg = Release|Win32
		{C7D7D87E-4A54-4A85-93E4-84026053EB38}.Release|x86.Build.0 = Release|Win32
		{E6A748A4-BCA4-446A-AAA0-E576D5554E00}.Debug|x86.ActiveCfg = Debug|Win32
		{E6A748A4-BCA4-446A-AAA0-E576D5554E00}.Debug|x86.Build.0 = Debug|Win32
		{E6A748A4-BCA4-446A-AAA0-E576D5554E00}.Release|x86.ActiveCfg = Release|Win32
		{E6A748A4-BCA4-446A-AAA0-E576D5554E00}.Release|x86.Build.0 = Release|Win32
	EndGlobalSection
	GlobalSection(SolutionProperties) = preSolution
		HideSolutionNode = FALSE
	EndGlobalSection
	GlobalSection(NestedProjects) = preSolution
		{C5F80730-F44F-4478-BDAE-6634EFC2CA88} = {FD22A1BF-136D-4114-819B-403542FED5A4}
		{309DFD52-27E5-4EE0-A28F-E5DB8A5A1A9C} = {A93943A1-B435-4708-BF54-93276172E698}
		{C7D7D87E-4A54-4A85-93E4-84026053EB38} = {A93943A1-B435-4708-BF54-93276172E698}
	EndGlobalSection
	GlobalSection(ExtensibilityGlobals) = postSolution
		SolutionGuid = {D702DE5D-DF45-4433-A879-C7C2BF7CA5AB}
	EndGlobalSection
EndGlobal
